// !$*UTF8*$!
{
	archiveVersion = 1;
	classes = {
	};
	objectVersion = 77;
	objects = {

/* Begin PBXContainerItemProxy section */
		FFC33FB12D29717C000E9C1F /* PBXContainerItemProxy */ = {
			isa = PBXContainerItemProxy;
			containerPortal = FFC33F982D29717B000E9C1F /* Project object */;
			proxyType = 1;
			remoteGlobalIDString = FFC33F9F2D29717B000E9C1F;
			remoteInfo = PhotoPickerSwiftUI;
		};
		FFC33FBB2D29717C000E9C1F /* PBXContainerItemProxy */ = {
			isa = PBXContainerItemProxy;
			containerPortal = FFC33F982D29717B000E9C1F /* Project object */;
			proxyType = 1;
			remoteGlobalIDString = FFC33F9F2D29717B000E9C1F;
			remoteInfo = PhotoPickerSwiftUI;
		};
/* End PBXContainerItemProxy section */

/* Begin PBXFileReference section */
		FFC33FA02D29717B000E9C1F /* PhotoPickerSwiftUI.app */ = {isa = PBXFileReference; explicitFileType = wrapper.application; includeInIndex = 0; path = PhotoPickerSwiftUI.app; sourceTree = BUILT_PRODUCTS_DIR; };
		FFC33FB02D29717C000E9C1F /* PhotoPickerSwiftUITests.xctest */ = {isa = PBXFileReference; explicitFileType = wrapper.cfbundle; includeInIndex = 0; path = PhotoPickerSwiftUITests.xctest; sourceTree = BUILT_PRODUCTS_DIR; };
		FFC33FBA2D29717C000E9C1F /* PhotoPickerSwiftUIUITests.xctest */ = {isa = PBXFileReference; explicitFileType = wrapper.cfbundle; includeInIndex = 0; path = PhotoPickerSwiftUIUITests.xctest; sourceTree = BUILT_PRODUCTS_DIR; };
/* End PBXFileReference section */

/* Begin PBXFileSystemSynchronizedRootGroup section */
		FFC33FA22D29717B000E9C1F /* PhotoPickerSwiftUI */ = {
			isa = PBXFileSystemSynchronizedRootGroup;
			path = PhotoPickerSwiftUI;
			sourceTree = "<group>";
		};
		FFC33FB32D29717C000E9C1F /* PhotoPickerSwiftUITests */ = {
			isa = PBXFileSystemSynchronizedRootGroup;
			path = PhotoPickerSwiftUITests;
			sourceTree = "<group>";
		};
		FFC33FBD2D29717C000E9C1F /* PhotoPickerSwiftUIUITests */ = {
			isa = PBXFileSystemSynchronizedRootGroup;
			path = PhotoPickerSwiftUIUITests;
			sourceTree = "<group>";
		};
/* End PBXFileSystemSynchronizedRootGroup section */

/* Begin PBXFrameworksBuildPhase section */
		FFC33F9D2D29717B000E9C1F /* Frameworks */ = {
			isa = PBXFrameworksBuildPhase;
			buildActionMask = 2147483647;
			files = (
			);
			runOnlyForDeploymentPostprocessing = 0;
		};
		FFC33FAD2D29717C000E9C1F /* Frameworks */ = {
			isa = PBXFrameworksBuildPhase;
			buildActionMask = 2147483647;
			files = (
			);
			runOnlyForDeploymentPostprocessing = 0;
		};
		FFC33FB72D29717C000E9C1F /* Frameworks */ = {
			isa = PBXFrameworksBuildPhase;
			buildActionMask = 2147483647;
			files = (
			);
			runOnlyForDeploymentPostprocessing = 0;
		};
/* End PBXFrameworksBuildPhase section */

/* Begin PBXGroup section */
		FFC33F972D29717B000E9C1F = {
			isa = PBXGroup;
			children = (
				FFC33FA22D29717B000E9C1F /* PhotoPickerSwiftUI */,
				FFC33FB32D29717C000E9C1F /* PhotoPickerSwiftUITests */,
				FFC33FBD2D29717C000E9C1F /* PhotoPickerSwiftUIUITests */,
				FFC33FA12D29717B000E9C1F /* Products */,
			);
			sourceTree = "<group>";
		};
		FFC33FA12D29717B000E9C1F /* Products */ = {
			isa = PBXGroup;
			children = (
				FFC33FA02D29717B000E9C1F /* PhotoPickerSwiftUI.app */,
				FFC33FB02D29717C000E9C1F /* PhotoPickerSwiftUITests.xctest */,
				FFC33FBA2D29717C000E9C1F /* PhotoPickerSwiftUIUITests.xctest */,
			);
			name = Products;
			sourceTree = "<group>";
		};
/* End PBXGroup section */

/* Begin PBXNativeTarget section */
		FFC33F9F2D29717B000E9C1F /* PhotoPickerSwiftUI */ = {
			isa = PBXNativeTarget;
			buildConfigurationList = FFC33FC42D29717C000E9C1F /* Build configuration list for PBXNativeTarget "PhotoPickerSwiftUI" */;
			buildPhases = (
				FFC33F9C2D29717B000E9C1F /* Sources */,
				FFC33F9D2D29717B000E9C1F /* Frameworks */,
				FFC33F9E2D29717B000E9C1F /* Resources */,
			);
			buildRules = (
			);
			dependencies = (
			);
			fileSystemSynchronizedGroups = (
				FFC33FA22D29717B000E9C1F /* PhotoPickerSwiftUI */,
			);
			name = PhotoPickerSwiftUI;
			packageProductDependencies = (
			);
			productName = PhotoPickerSwiftUI;
			productReference = FFC33FA02D29717B000E9C1F /* PhotoPickerSwiftUI.app */;
			productType = "com.apple.product-type.application";
		};
		FFC33FAF2D29717C000E9C1F /* PhotoPickerSwiftUITests */ = {
			isa = PBXNativeTarget;
			buildConfigurationList = FFC33FC72D29717C000E9C1F /* Build configuration list for PBXNativeTarget "PhotoPickerSwiftUITests" */;
			buildPhases = (
				FFC33FAC2D29717C000E9C1F /* Sources */,
				FFC33FAD2D29717C000E9C1F /* Frameworks */,
				FFC33FAE2D29717C000E9C1F /* Resources */,
			);
			buildRules = (
			);
			dependencies = (
				FFC33FB22D29717C000E9C1F /* PBXTargetDependency */,
			);
			fileSystemSynchronizedGroups = (
				FFC33FB32D29717C000E9C1F /* PhotoPickerSwiftUITests */,
			);
			name = PhotoPickerSwiftUITests;
			packageProductDependencies = (
			);
			productName = PhotoPickerSwiftUITests;
			productReference = FFC33FB02D29717C000E9C1F /* PhotoPickerSwiftUITests.xctest */;
			productType = "com.apple.product-type.bundle.unit-test";
		};
		FFC33FB92D29717C000E9C1F /* PhotoPickerSwiftUIUITests */ = {
			isa = PBXNativeTarget;
			buildConfigurationList = FFC33FCA2D29717C000E9C1F /* Build configuration list for PBXNativeTarget "PhotoPickerSwiftUIUITests" */;
			buildPhases = (
				FFC33FB62D29717C000E9C1F /* Sources */,
				FFC33FB72D29717C000E9C1F /* Frameworks */,
				FFC33FB82D29717C000E9C1F /* Resources */,
			);
			buildRules = (
			);
			dependencies = (
				FFC33FBC2D29717C000E9C1F /* PBXTargetDependency */,
			);
			fileSystemSynchronizedGroups = (
				FFC33FBD2D29717C000E9C1F /* PhotoPickerSwiftUIUITests */,
			);
			name = PhotoPickerSwiftUIUITests;
			packageProductDependencies = (
			);
			productName = PhotoPickerSwiftUIUITests;
			productReference = FFC33FBA2D29717C000E9C1F /* PhotoPickerSwiftUIUITests.xctest */;
			productType = "com.apple.product-type.bundle.ui-testing";
		};
/* End PBXNativeTarget section */

/* Begin PBXProject section */
		FFC33F982D29717B000E9C1F /* Project object */ = {
			isa = PBXProject;
			attributes = {
				BuildIndependentTargetsInParallel = 1;
				LastSwiftUpdateCheck = 1620;
				LastUpgradeCheck = 1620;
				TargetAttributes = {
					FFC33F9F2D29717B000E9C1F = {
						CreatedOnToolsVersion = 16.2;
					};
					FFC33FAF2D29717C000E9C1F = {
						CreatedOnToolsVersion = 16.2;
						TestTargetID = FFC33F9F2D29717B000E9C1F;
					};
					FFC33FB92D29717C000E9C1F = {
						CreatedOnToolsVersion = 16.2;
						TestTargetID = FFC33F9F2D29717B000E9C1F;
					};
				};
			};
			buildConfigurationList = FFC33F9B2D29717B000E9C1F /* Build configuration list for PBXProject "PhotoPickerSwiftUI" */;
			developmentRegion = en;
			hasScannedForEncodings = 0;
			knownRegions = (
				en,
				Base,
			);
			mainGroup = FFC33F972D29717B000E9C1F;
			minimizedProjectReferenceProxies = 1;
			preferredProjectObjectVersion = 77;
			productRefGroup = FFC33FA12D29717B000E9C1F /* Products */;
			projectDirPath = "";
			projectRoot = "";
			targets = (
				FFC33F9F2D29717B000E9C1F /* PhotoPickerSwiftUI */,
				FFC33FAF2D29717C000E9C1F /* PhotoPickerSwiftUITests */,
				FFC33FB92D29717C000E9C1F /* PhotoPickerSwiftUIUITests */,
			);
		};
/* End PBXProject section */

/* Begin PBXResourcesBuildPhase section */
		FFC33F9E2D29717B000E9C1F /* Resources */ = {
			isa = PBXResourcesBuildPhase;
			buildActionMask = 2147483647;
			files = (
			);
			runOnlyForDeploymentPostprocessing = 0;
		};
		FFC33FAE2D29717C000E9C1F /* Resources */ = {
			isa = PBXResourcesBuildPhase;
			buildActionMask = 2147483647;
			files = (
			);
			runOnlyForDeploymentPostprocessing = 0;
		};
		FFC33FB82D29717C000E9C1F /* Resources */ = {
			isa = PBXResourcesBuildPhase;
			buildActionMask = 2147483647;
			files = (
			);
			runOnlyForDeploymentPostprocessing = 0;
		};
/* End PBXResourcesBuildPhase section */

/* Begin PBXSourcesBuildPhase section */
		FFC33F9C2D29717B000E9C1F /* Sources */ = {
			isa = PBXSourcesBuildPhase;
			buildActionMask = 2147483647;
			files = (
			);
			runOnlyForDeploymentPostprocessing = 0;
		};
		FFC33FAC2D29717C000E9C1F /* Sources */ = {
			isa = PBXSourcesBuildPhase;
			buildActionMask = 2147483647;
			files = (
			);
			runOnlyForDeploymentPostprocessing = 0;
		};
		FFC33FB62D29717C000E9C1F /* Sources */ = {
			isa = PBXSourcesBuildPhase;
			buildActionMask = 2147483647;
			files = (
			);
			runOnlyForDeploymentPostprocessing = 0;
		};
/* End PBXSourcesBuildPhase section */

/* Begin PBXTargetDependency section */
		FFC33FB22D29717C000E9C1F /* PBXTargetDependency */ = {
			isa = PBXTargetDependency;
			target = FFC33F9F2D29717B000E9C1F /* PhotoPickerSwiftUI */;
			targetProxy = FFC33FB12D29717C000E9C1F /* PBXContainerItemProxy */;
		};
		FFC33FBC2D29717C000E9C1F /* PBXTargetDependency */ = {
			isa = PBXTargetDependency;
			target = FFC33F9F2D29717B000E9C1F /* PhotoPickerSwiftUI */;
			targetProxy = FFC33FBB2D29717C000E9C1F /* PBXContainerItemProxy */;
		};
/* End PBXTargetDependency section */

/* Begin XCBuildConfiguration section */
		FFC33FC22D29717C000E9C1F /* Debug */ = {
			isa = XCBuildConfiguration;
			buildSettings = {
				ALWAYS_SEARCH_USER_PATHS = NO;
				ASSETCATALOG_COMPILER_GENERATE_SWIFT_ASSET_SYMBOL_EXTENSIONS = YES;
				CLANG_ANALYZER_NONNULL = YES;
				CLANG_ANALYZER_NUMBER_OBJECT_CONVERSION = YES_AGGRESSIVE;
				CLANG_CXX_LANGUAGE_STANDARD = "gnu++20";
				CLANG_ENABLE_MODULES = YES;
				CLANG_ENABLE_OBJC_ARC = YES;
				CLANG_ENABLE_OBJC_WEAK = YES;
				CLANG_WARN_BLOCK_CAPTURE_AUTORELEASING = YES;
				CLANG_WARN_BOOL_CONVERSION = YES;
				CLANG_WARN_COMMA = YES;
				CLANG_WARN_CONSTANT_CONVERSION = YES;
				CLANG_WARN_DEPRECATED_OBJC_IMPLEMENTATIONS = YES;
				CLANG_WARN_DIRECT_OBJC_ISA_USAGE = YES_ERROR;
				CLANG_WARN_DOCUMENTATION_COMMENTS = YES;
				CLANG_WARN_EMPTY_BODY = YES;
				CLANG_WARN_ENUM_CONVERSION = YES;
				CLANG_WARN_INFINITE_RECURSION = YES;
				CLANG_WARN_INT_CONVERSION = YES;
				CLANG_WARN_NON_LITERAL_NULL_CONVERSION = YES;
				CLANG_WARN_OBJC_IMPLICIT_RETAIN_SELF = YES;
				CLANG_WARN_OBJC_LITERAL_CONVERSION = YES;
				CLANG_WARN_OBJC_ROOT_CLASS = YES_ERROR;
				CLANG_WARN_QUOTED_INCLUDE_IN_FRAMEWORK_HEADER = YES;
				CLANG_WARN_RANGE_LOOP_ANALYSIS = YES;
				CLANG_WARN_STRICT_PROTOTYPES = YES;
				CLANG_WARN_SUSPICIOUS_MOVE = YES;
				CLANG_WARN_UNGUARDED_AVAILABILITY = YES_AGGRESSIVE;
				CLANG_WARN_UNREACHABLE_CODE = YES;
				CLANG_WARN__DUPLICATE_METHOD_MATCH = YES;
				COPY_PHASE_STRIP = NO;
				DEBUG_INFORMATION_FORMAT = dwarf;
				ENABLE_STRICT_OBJC_MSGSEND = YES;
				ENABLE_TESTABILITY = YES;
				ENABLE_USER_SCRIPT_SANDBOXING = YES;
				GCC_C_LANGUAGE_STANDARD = gnu17;
				GCC_DYNAMIC_NO_PIC = NO;
				GCC_NO_COMMON_BLOCKS = YES;
				GCC_OPTIMIZATION_LEVEL = 0;
				GCC_PREPROCESSOR_DEFINITIONS = (
					"DEBUG=1",
					"$(inherited)",
				);
				GCC_WARN_64_TO_32_BIT_CONVERSION = YES;
				GCC_WARN_ABOUT_RETURN_TYPE = YES_ERROR;
				GCC_WARN_UNDECLARED_SELECTOR = YES;
				GCC_WARN_UNINITIALIZED_AUTOS = YES_AGGRESSIVE;
				GCC_WARN_UNUSED_FUNCTION = YES;
				GCC_WARN_UNUSED_VARIABLE = YES;
				IPHONEOS_DEPLOYMENT_TARGET = 18.2;
				LOCALIZATION_PREFERS_STRING_CATALOGS = YES;
				MTL_ENABLE_DEBUG_INFO = INCLUDE_SOURCE;
				MTL_FAST_MATH = YES;
				ONLY_ACTIVE_ARCH = YES;
				SDKROOT = iphoneos;
				SWIFT_ACTIVE_COMPILATION_CONDITIONS = "DEBUG $(inherited)";
				SWIFT_OPTIMIZATION_LEVEL = "-Onone";
			};
			name = Debug;
		};
		FFC33FC32D29717C000E9C1F /* Release */ = {
			isa = XCBuildConfiguration;
			buildSettings = {
				ALWAYS_SEARCH_USER_PATHS = NO;
				ASSETCATALOG_COMPILER_GENERATE_SWIFT_ASSET_SYMBOL_EXTENSIONS = YES;
				CLANG_ANALYZER_NONNULL = YES;
				CLANG_ANALYZER_NUMBER_OBJECT_CONVERSION = YES_AGGRESSIVE;
				CLANG_CXX_LANGUAGE_STANDARD = "gnu++20";
				CLANG_ENABLE_MODULES = YES;
				CLANG_ENABLE_OBJC_ARC = YES;
				CLANG_ENABLE_OBJC_WEAK = YES;
				CLANG_WARN_BLOCK_CAPTURE_AUTORELEASING = YES;
				CLANG_WARN_BOOL_CONVERSION = YES;
				CLANG_WARN_COMMA = YES;
				CLANG_WARN_CONSTANT_CONVERSION = YES;
				CLANG_WARN_DEPRECATED_OBJC_IMPLEMENTATIONS = YES;
				CLANG_WARN_DIRECT_OBJC_ISA_USAGE = YES_ERROR;
				CLANG_WARN_DOCUMENTATION_COMMENTS = YES;
				CLANG_WARN_EMPTY_BODY = YES;
				CLANG_WARN_ENUM_CONVERSION = YES;
				CLANG_WARN_INFINITE_RECURSION = YES;
				CLANG_WARN_INT_CONVERSION = YES;
				CLANG_WARN_NON_LITERAL_NULL_CONVERSION = YES;
				CLANG_WARN_OBJC_IMPLICIT_RETAIN_SELF = YES;
				CLANG_WARN_OBJC_LITERAL_CONVERSION = YES;
				CLANG_WARN_OBJC_ROOT_CLASS = YES_ERROR;
				CLANG_WARN_QUOTED_INCLUDE_IN_FRAMEWORK_HEADER = YES;
				CLANG_WARN_RANGE_LOOP_ANALYSIS = YES;
				CLANG_WARN_STRICT_PROTOTYPES = YES;
				CLANG_WARN_SUSPICIOUS_MOVE = YES;
				CLANG_WARN_UNGUARDED_AVAILABILITY = YES_AGGRESSIVE;
				CLANG_WARN_UNREACHABLE_CODE = YES;
				CLANG_WARN__DUPLICATE_METHOD_MATCH = YES;
				COPY_PHASE_STRIP = NO;
				DEBUG_INFORMATION_FORMAT = "dwarf-with-dsym";
				ENABLE_NS_ASSERTIONS = NO;
				ENABLE_STRICT_OBJC_MSGSEND = YES;
				ENABLE_USER_SCRIPT_SANDBOXING = YES;
				GCC_C_LANGUAGE_STANDARD = gnu17;
				GCC_NO_COMMON_BLOCKS = YES;
				GCC_WARN_64_TO_32_BIT_CONVERSION = YES;
				GCC_WARN_ABOUT_RETURN_TYPE = YES_ERROR;
				GCC_WARN_UNDECLARED_SELECTOR = YES;
				GCC_WARN_UNINITIALIZED_AUTOS = YES_AGGRESSIVE;
				GCC_WARN_UNUSED_FUNCTION = YES;
				GCC_WARN_UNUSED_VARIABLE = YES;
				IPHONEOS_DEPLOYMENT_TARGET = 18.2;
				LOCALIZATION_PREFERS_STRING_CATALOGS = YES;
				MTL_ENABLE_DEBUG_INFO = NO;
				MTL_FAST_MATH = YES;
				SDKROOT = iphoneos;
				SWIFT_COMPILATION_MODE = wholemodule;
				VALIDATE_PRODUCT = YES;
			};
			name = Release;
		};
		FFC33FC52D29717C000E9C1F /* Debug */ = {
			isa = XCBuildConfiguration;
			buildSettings = {
				ASSETCATALOG_COMPILER_APPICON_NAME = AppIcon;
				ASSETCATALOG_COMPILER_GLOBAL_ACCENT_COLOR_NAME = AccentColor;
				CODE_SIGN_STYLE = Automatic;
				CURRENT_PROJECT_VERSION = 1;
				DEVELOPMENT_ASSET_PATHS = "\"PhotoPickerSwiftUI/Preview Content\"";
				ENABLE_PREVIEWS = YES;
				GENERATE_INFOPLIST_FILE = YES;
				INFOPLIST_KEY_UIApplicationSceneManifest_Generation = YES;
				INFOPLIST_KEY_UIApplicationSupportsIndirectInputEvents = YES;
				INFOPLIST_KEY_UILaunchScreen_Generation = YES;
				INFOPLIST_KEY_UISupportedInterfaceOrientations_iPad = "UIInterfaceOrientationPortrait UIInterfaceOrientationPortraitUpsideDown UIInterfaceOrientationLandscapeLeft UIInterfaceOrientationLandscapeRight";
				INFOPLIST_KEY_UISupportedInterfaceOrientations_iPhone = "UIInterfaceOrientationPortrait UIInterfaceOrientationLandscapeLeft UIInterfaceOrientationLandscapeRight";
				LD_RUNPATH_SEARCH_PATHS = (
					"$(inherited)",
					"@executable_path/Frameworks",
				);
				MARKETING_VERSION = 1.0;
				PRODUCT_BUNDLE_IDENTIFIER = com.omerapaydin.PhotoPickerSwiftUI;
				PRODUCT_NAME = "$(TARGET_NAME)";
				SWIFT_EMIT_LOC_STRINGS = YES;
				SWIFT_VERSION = 5.0;
				TARGETED_DEVICE_FAMILY = "1,2";
			};
			name = Debug;
		};
		FFC33FC62D29717C000E9C1F /* Release */ = {
			isa = XCBuildConfiguration;
			buildSettings = {
				ASSETCATALOG_COMPILER_APPICON_NAME = AppIcon;
				ASSETCATALOG_COMPILER_GLOBAL_ACCENT_COLOR_NAME = AccentColor;
				CODE_SIGN_STYLE = Automatic;
				CURRENT_PROJECT_VERSION = 1;
				DEVELOPMENT_ASSET_PATHS = "\"PhotoPickerSwiftUI/Preview Content\"";
				ENABLE_PREVIEWS = YES;
				GENERATE_INFOPLIST_FILE = YES;
				INFOPLIST_KEY_UIApplicationSceneManifest_Generation = YES;
				INFOPLIST_KEY_UIApplicationSupportsIndirectInputEvents = YES;
				INFOPLIST_KEY_UILaunchScreen_Generation = YES;
				INFOPLIST_KEY_UISupportedInterfaceOrientations_iPad = "UIInterfaceOrientationPortrait UIInterfaceOrientationPortraitUpsideDown UIInterfaceOrientationLandscapeLeft UIInterfaceOrientationLandscapeRight";
				INFOPLIST_KEY_UISupportedInterfaceOrientations_iPhone = "UIInterfaceOrientationPortrait UIInterfaceOrientationLandscapeLeft UIInterfaceOrientationLandscapeRight";
				LD_RUNPATH_SEARCH_PATHS = (
					"$(inherited)",
					"@executable_path/Frameworks",
				);
				MARKETING_VERSION = 1.0;
				PRODUCT_BUNDLE_IDENTIFIER = com.omerapaydin.PhotoPickerSwiftUI;
				PRODUCT_NAME = "$(TARGET_NAME)";
				SWIFT_EMIT_LOC_STRINGS = YES;
				SWIFT_VERSION = 5.0;
				TARGETED_DEVICE_FAMILY = "1,2";
			};
			name = Release;
		};
		FFC33FC82D29717C000E9C1F /* Debug */ = {
			isa = XCBuildConfiguration;
			buildSettings = {
				BUNDLE_LOADER = "$(TEST_HOST)";
				CODE_SIGN_STYLE = Automatic;
				CURRENT_PROJECT_VERSION = 1;
				GENERATE_INFOPLIST_FILE = YES;
				IPHONEOS_DEPLOYMENT_TARGET = 18.2;
				MARKETING_VERSION = 1.0;
				PRODUCT_BUNDLE_IDENTIFIER = com.omerapaydin.PhotoPickerSwiftUITests;
				PRODUCT_NAME = "$(TARGET_NAME)";
				SWIFT_EMIT_LOC_STRINGS = NO;
				SWIFT_VERSION = 5.0;
				TARGETED_DEVICE_FAMILY = "1,2";
				TEST_HOST = "$(BUILT_PRODUCTS_DIR)/PhotoPickerSwiftUI.app/$(BUNDLE_EXECUTABLE_FOLDER_PATH)/PhotoPickerSwiftUI";
			};
			name = Debug;
		};
		FFC33FC92D29717C000E9C1F /* Release */ = {
			isa = XCBuildConfiguration;
			buildSettings = {
				BUNDLE_LOADER = "$(TEST_HOST)";
				CODE_SIGN_STYLE = Automatic;
				CURRENT_PROJECT_VERSION = 1;
				GENERATE_INFOPLIST_FILE = YES;
				IPHONEOS_DEPLOYMENT_TARGET = 18.2;
				MARKETING_VERSION = 1.0;
				PRODUCT_BUNDLE_IDENTIFIER = com.omerapaydin.PhotoPickerSwiftUITests;
				PRODUCT_NAME = "$(TARGET_NAME)";
				SWIFT_EMIT_LOC_STRINGS = NO;
				SWIFT_VERSION = 5.0;
				TARGETED_DEVICE_FAMILY = "1,2";
				TEST_HOST = "$(BUILT_PRODUCTS_DIR)/PhotoPickerSwiftUI.app/$(BUNDLE_EXECUTABLE_FOLDER_PATH)/PhotoPickerSwiftUI";
			};
			name = Release;
		};
		FFC33FCB2D29717C000E9C1F /* Debug */ = {
			isa = XCBuildConfiguration;
			buildSettings = {
				CODE_SIGN_STYLE = Automatic;
				CURRENT_PROJECT_VERSION = 1;
				GENERATE_INFOPLIST_FILE = YES;
				MARKETING_VERSION = 1.0;
				PRODUCT_BUNDLE_IDENTIFIER = com.omerapaydin.PhotoPickerSwiftUIUITests;
				PRODUCT_NAME = "$(TARGET_NAME)";
				SWIFT_EMIT_LOC_STRINGS = NO;
				SWIFT_VERSION = 5.0;
				TARGETED_DEVICE_FAMILY = "1,2";
				TEST_TARGET_NAME = PhotoPickerSwiftUI;
			};
			name = Debug;
		};
		FFC33FCC2D29717C000E9C1F /* Release */ = {
			isa = XCBuildConfiguration;
			buildSettings = {
				CODE_SIGN_STYLE = Automatic;
				CURRENT_PROJECT_VERSION = 1;
				GENERATE_INFOPLIST_FILE = YES;
				MARKETING_VERSION = 1.0;
				PRODUCT_BUNDLE_IDENTIFIER = com.omerapaydin.PhotoPickerSwiftUIUITests;
				PRODUCT_NAME = "$(TARGET_NAME)";
				SWIFT_EMIT_LOC_STRINGS = NO;
				SWIFT_VERSION = 5.0;
				TARGETED_DEVICE_FAMILY = "1,2";
				TEST_TARGET_NAME = PhotoPickerSwiftUI;
			};
			name = Release;
		};
/* End XCBuildConfiguration section */

/* Begin XCConfigurationList section */
		FFC33F9B2D29717B000E9C1F /* Build configuration list for PBXProject "PhotoPickerSwiftUI" */ = {
			isa = XCConfigurationList;
			buildConfigurations = (
				FFC33FC22D29717C000E9C1F /* Debug */,
				FFC33FC32D29717C000E9C1F /* Release */,
			);
			defaultConfigurationIsVisible = 0;
			defaultConfigurationName = Release;
		};
		FFC33FC42D29717C000E9C1F /* Build configuration list for PBXNativeTarget "PhotoPickerSwiftUI" */ = {
			isa = XCConfigurationList;
			buildConfigurations = (
				FFC33FC52D29717C000E9C1F /* Debug */,
				FFC33FC62D29717C000E9C1F /* Release */,
			);
			defaultConfigurationIsVisible = 0;
			defaultConfigurationName = Release;
		};
		FFC33FC72D29717C000E9C1F /* Build configuration list for PBXNativeTarget "PhotoPickerSwiftUITests" */ = {
			isa = XCConfigurationList;
			buildConfigurations = (
				FFC33FC82D29717C000E9C1F /* Debug */,
				FFC33FC92D29717C000E9C1F /* Release */,
			);
			defaultConfigurationIsVisible = 0;
			defaultConfigurationName = Release;
		};
		FFC33FCA2D29717C000E9C1F /* Build configuration list for PBXNativeTarget "PhotoPickerSwiftUIUITests" */ = {
			isa = XCConfigurationList;
			buildConfigurations = (
				FFC33FCB2D29717C000E9C1F /* Debug */,
				FFC33FCC2D29717C000E9C1F /* Release */,
			);
			defaultConfigurationIsVisible = 0;
			defaultConfigurationName = Release;
		};
/* End XCConfigurationList section */
	};
	rootObject = FFC33F982D29717B000E9C1F /* Project object */;
}
